github.com/gocarina/gocsv v0.0.0-20201103164230-b291445e0dd2 h1:DTpqi8htDqlk4dGMxZ3+7BVX2OoMki9akiCHWQpSXfA=
github.com/gocarina/gocsv v0.0.0-20201103164230-b291445e0dd2/go.mod h1:5YoVOkjYAQumqlV356Hj3xeYh4BdZuLE0/nRkf2NKkI=
github.com/rinor/jorcli v0.0.0-20201117192102-2a69360d3a83 h1:3iczUX/RQHjv5t6ZmqnHUo6PH1N+NQIgk+Cegzt/+Mk=
github.com/rinor/jorcli v0.0.0-20201117192102-2a69360d3a83/go.mod h1:g0H93swQYhOXMd0PTL7EQOwkGTLGhtCjJ/HM+d1jKZY=
github.com/rinor/vitcli v0.0.0-20201016074919-07c2ff699504 h1:E5EqtZ+CvXLF0bDTMbrNgGr2q4jq5DC9WMXG5kuSz54=
github.com/rinor/vitcli v0.0.0-20201016074919-07c2ff699504/go.mod h1:cgil4TQ5yJ4BJc7q1kegqr0h/KrclvR/fPQHPUjTshc=
golang.org/x/crypto v0.0.0-20190308221718-c2843e01d9a2/go.mod h1:djNgcEr1/C05ACkg1iLfiJU5Ep61QUkGW8qpdssI0+w=
golang.org/x/crypto v0.0.0-20201117144127-c1f2f97bffc9 h1:phUcVbl53swtrUN8kQEXFhUxPlIlWyBfKmidCu7P95o=
golang.org/x/crypto v0.0.0-20201117144127-c1f2f97bffc9/go.mod h1:jdWPYTVW3xRLrWPugEBEK3UY2ZEsg3UU495nc5E+M+I=
golang.org/x/net v0.0.0-20190404232315-eb5bcb51f2a3/go.mod h1:t9HGtf8HONx5eT2rtn7q6eTqICYqUVnKs3thJo3Qplg=
golang.org/x/sys v0.0.0-20190215142949-d0b11bdaac8a/go.mod h1:STP8DvDyc/dI5b8T5hshtkjS+E42TnysNCUPdjciGhY=
golang.org/x/sys v0.0.0-20191026070338-33540a1f6037 h1:YyJpGZS1sBuBCzLAR1VEpK193GlqGZbnPFnPV/5Rsb4=
golang.org/x/sys v0.0.0-20191026070338-33540a1f6037/go.mod h1:h1NjWce9XRLGQEsW7wpKNCjG9DtNlClVuFLEZdDNbEs=
golang.org/x/term v0.0.0-20201117132131-f5c789dd3221/go.mod h1:Nr5EML6q2oocZ2LXRh80K7BxOlk5/8JxuGnuhpl+muw=
golang.org/x/text v0.3.0/go.mod h1:NqM8EUOU14njkJ3fqMW+pc6Ldnwhi/IjpwHt7yyuwOQ=
